{
  "name": "@chalkbox/custom",
  "version": "1.0.0",
  "lockfileVersion": 3,
  "requires": true,
  "packages": {
    "": {
      "name": "@chalkbox/custom",
      "version": "1.0.0",
      "license": "MIT",
      "dependencies": {
        "is-undefined": "^1.0.11"
      }
    },
    "node_modules/is-undefined": {
      "version": "1.0.11",
      "resolved": "https://registry.npmjs.org/is-undefined/-/is-undefined-1.0.11.tgz",
      "integrity": "sha512-gRwyH8IRpV73MDlVefPllIjxBjrP9YAB0YCLtxnROhRkedTSzzBJgfxTC6HgP2/dttawQHWNZe88MvXS9Hbn/g==",
      "license": "MIT"
    }
  }
}
